
Microsoft Visual Studio Solution File, Format Version 12.00
# Visual Studio Version 17
VisualStudioVersion = 17.5.002.0
MinimumVisualStudioVersion = 10.0.40219.1
Project("{9A19103F-16F7-4668-BE54-9A1E7A4F7556}") = "day1", "day1\day1.csproj", "{C32CD473-79A3-4589-971F-A51A7971FD08}"
EndProject
Project("{9A19103F-16F7-4668-BE54-9A1E7A4F7556}") = "day2", "day2\day2.csproj", "{22FB6720-6BC7-449F-9882-7F185C48CB10}"
EndProject
Global
	GlobalSection(SolutionConfigurationPlatforms) = preSolution
		Debug|Any CPU = Debug|Any CPU
		Release|Any CPU = Release|Any CPU
	EndGlobalSection
	GlobalSection(ProjectConfigurationPlatforms) = postSolution
		{C32CD473-79A3-4589-971F-A51A7971FD08}.Debug|Any CPU.ActiveCfg = Debug|Any CPU
		{C32CD473-79A3-4589-971F-A51A7971FD08}.Debug|Any CPU.Build.0 = Debug|Any CPU
		{C32CD473-79A3-4589-971F-A51A7971FD08}.Release|Any CPU.ActiveCfg = Release|Any CPU
		{C32CD473-79A3-4589-971F-A51A7971FD08}.Release|Any CPU.Build.0 = Release|Any CPU
		{22FB6720-6BC7-449F-9882-7F185C48CB10}.Debug|Any CPU.ActiveCfg = Debug|Any CPU
		{22FB6720-6BC7-449F-9882-7F185C48CB10}.Debug|Any CPU.Build.0 = Debug|Any CPU
		{22FB6720-6BC7-449F-9882-7F185C48CB10}.Release|Any CPU.ActiveCfg = Release|Any CPU
		{22FB6720-6BC7-449F-9882-7F185C48CB10}.Release|Any CPU.Build.0 = Release|Any CPU
	EndGlobalSection
	GlobalSection(SolutionProperties) = preSolution
		HideSolutionNode = FALSE
	EndGlobalSection
	GlobalSection(ExtensibilityGlobals) = postSolution
		SolutionGuid = {7D16108C-CC0C-46F4-A346-DC0394D34D84}
	EndGlobalSection
EndGlobal
